
Microsoft Visual Studio Solution File, Format Version 12.00
# Visual Studio Version 17
VisualStudioVersion = 17.14.36811.4 d17.14
MinimumVisualStudioVersion = 10.0.40219.1
Project("{FAE04EC0-301F-11D3-BF4B-00C04F79EFBC}") = "lap08-Quản Lý sinh viên Database SQL Server", "lap08-Quản Lý sinh viên Database SQL Server.csproj", "{68792400-F955-47C1-86F1-EFFE55E34F0F}"
EndProject
Global
	GlobalSection(SolutionConfigurationPlatforms) = preSolution
		Debug|Any CPU = Debug|Any CPU
		Release|Any CPU = Release|Any CPU
	EndGlobalSection
	GlobalSection(ProjectConfigurationPlatforms) = postSolution
		{68792400-F955-47C1-86F1-EFFE55E34F0F}.Debug|Any CPU.ActiveCfg = Debug|Any CPU
		{68792400-F955-47C1-86F1-EFFE55E34F0F}.Debug|Any CPU.Build.0 = Debug|Any CPU
		{68792400-F955-47C1-86F1-EFFE55E34F0F}.Release|Any CPU.ActiveCfg = Release|Any CPU
		{68792400-F955-47C1-86F1-EFFE55E34F0F}.Release|Any CPU.Build.0 = Release|Any CPU
	EndGlobalSection
	GlobalSection(SolutionProperties) = preSolution
		HideSolutionNode = FALSE
	EndGlobalSection
	GlobalSection(ExtensibilityGlobals) = postSolution
		SolutionGuid = {825A84C6-37C4-4224-BCD9-B173EF73CD1F}
	EndGlobalSection
EndGlobal
