
Microsoft Visual Studio Solution File, Format Version 12.00
# Visual Studio Version 17
VisualStudioVersion = 17.11.35222.181
MinimumVisualStudioVersion = 10.0.40219.1
Project("{FAE04EC0-301F-11D3-BF4B-00C04F79EFBC}") = "Lab02", "Lab02.csproj", "{F561B60A-89B8-4C4C-9394-5A3C8BB71DAB}"
EndProject
Global
	GlobalSection(SolutionConfigurationPlatforms) = preSolution
		Debug|Any CPU = Debug|Any CPU
		Release|Any CPU = Release|Any CPU
	EndGlobalSection
	GlobalSection(ProjectConfigurationPlatforms) = postSolution
		{F561B60A-89B8-4C4C-9394-5A3C8BB71DAB}.Debug|Any CPU.ActiveCfg = Debug|Any CPU
		{F561B60A-89B8-4C4C-9394-5A3C8BB71DAB}.Debug|Any CPU.Build.0 = Debug|Any CPU
		{F561B60A-89B8-4C4C-9394-5A3C8BB71DAB}.Release|Any CPU.ActiveCfg = Release|Any CPU
		{F561B60A-89B8-4C4C-9394-5A3C8BB71DAB}.Release|Any CPU.Build.0 = Release|Any CPU
	EndGlobalSection
	GlobalSection(SolutionProperties) = preSolution
		HideSolutionNode = FALSE
	EndGlobalSection
	GlobalSection(ExtensibilityGlobals) = postSolution
		SolutionGuid = {7F7891DD-B20C-45A9-A7D4-5FCBA88454FD}
	EndGlobalSection
EndGlobal
