
Microsoft Visual Studio Solution File, Format Version 12.00
# Visual Studio Version 17
VisualStudioVersion = 17.11.35222.181
MinimumVisualStudioVersion = 10.0.40219.1
Project("{FAE04EC0-301F-11D3-BF4B-00C04F79EFBC}") = "Lap01", "Lap01.csproj", "{FFAA5B9F-1960-4781-91D6-33FC26B0B7F3}"
EndProject
Global
	GlobalSection(SolutionConfigurationPlatforms) = preSolution
		Debug|Any CPU = Debug|Any CPU
		Release|Any CPU = Release|Any CPU
	EndGlobalSection
	GlobalSection(ProjectConfigurationPlatforms) = postSolution
		{FFAA5B9F-1960-4781-91D6-33FC26B0B7F3}.Debug|Any CPU.ActiveCfg = Debug|Any CPU
		{FFAA5B9F-1960-4781-91D6-33FC26B0B7F3}.Debug|Any CPU.Build.0 = Debug|Any CPU
		{FFAA5B9F-1960-4781-91D6-33FC26B0B7F3}.Release|Any CPU.ActiveCfg = Release|Any CPU
		{FFAA5B9F-1960-4781-91D6-33FC26B0B7F3}.Release|Any CPU.Build.0 = Release|Any CPU
	EndGlobalSection
	GlobalSection(SolutionProperties) = preSolution
		HideSolutionNode = FALSE
	EndGlobalSection
	GlobalSection(ExtensibilityGlobals) = postSolution
		SolutionGuid = {2A0B5C78-4F7A-430A-8902-95A047510B40}
	EndGlobalSection
EndGlobal
